
Microsoft Visual Studio Solution File, Format Version 12.00
# Visual Studio Version 16
VisualStudioVersion = 25.0.1703.5
MinimumVisualStudioVersion = 10.0.40219.1
Project("{FAE04EC0-301F-11D3-BF4B-00C04F79EFBC}") = "EventManagementAPI", "EventManagementAPI\EventManagementAPI.csproj", "{66CA0C08-2BAC-4DFD-9EFC-D29F162131D6}"
EndProject
Project("{FAE04EC0-301F-11D3-BF4B-00C04F79EFBC}") = "EventManagementAPI.Tests", "EventManagementAPI.Tests\EventManagementAPI.Tests.csproj", "{A523EB4E-75EA-439C-BE97-058153EBA68F}"
EndProject
Global
	GlobalSection(SolutionConfigurationPlatforms) = preSolution
		Debug|Any CPU = Debug|Any CPU
		Release|Any CPU = Release|Any CPU
	EndGlobalSection
	GlobalSection(ProjectConfigurationPlatforms) = postSolution
		{66CA0C08-2BAC-4DFD-9EFC-D29F162131D6}.Debug|Any CPU.ActiveCfg = Debug|Any CPU
		{66CA0C08-2BAC-4DFD-9EFC-D29F162131D6}.Debug|Any CPU.Build.0 = Debug|Any CPU
		{66CA0C08-2BAC-4DFD-9EFC-D29F162131D6}.Release|Any CPU.ActiveCfg = Release|Any CPU
		{66CA0C08-2BAC-4DFD-9EFC-D29F162131D6}.Release|Any CPU.Build.0 = Release|Any CPU
		{A523EB4E-75EA-439C-BE97-058153EBA68F}.Debug|Any CPU.ActiveCfg = Debug|Any CPU
		{A523EB4E-75EA-439C-BE97-058153EBA68F}.Debug|Any CPU.Build.0 = Debug|Any CPU
		{A523EB4E-75EA-439C-BE97-058153EBA68F}.Release|Any CPU.ActiveCfg = Release|Any CPU
		{A523EB4E-75EA-439C-BE97-058153EBA68F}.Release|Any CPU.Build.0 = Release|Any CPU
	EndGlobalSection
	GlobalSection(SolutionProperties) = preSolution
		HideSolutionNode = FALSE
	EndGlobalSection
	GlobalSection(ExtensibilityGlobals) = postSolution
		SolutionGuid = {31FD93F2-AD8D-4F13-9A25-7642E170736E}
	EndGlobalSection
EndGlobal
